
Microsoft Visual Studio Solution File, Format Version 12.00
# Visual Studio Version 17
VisualStudioVersion = 17.3.32922.545
MinimumVisualStudioVersion = 10.0.40219.1
Project("{9A19103F-16F7-4668-BE54-9A1E7A4F7556}") = "MVCChatApp", "MVCChatApp\MVCChatApp.csproj", "{C09E8E61-8ED5-4513-8F6B-5AAD3716FA5F}"
EndProject
Project("{9A19103F-16F7-4668-BE54-9A1E7A4F7556}") = "TelegramApi", "TelegramApi\TelegramApi.csproj", "{A9924F69-6613-4060-9564-4E5B233B7919}"
EndProject
Project("{9A19103F-16F7-4668-BE54-9A1E7A4F7556}") = "TelegramBotLibrary", "TelegramBotLibrary\TelegramBotLibrary.csproj", "{0E99A78E-6441-4C5B-AB09-157BE3E93285}"
EndProject
Project("{FAE04EC0-301F-11D3-BF4B-00C04F79EFBC}") = "EFCoreLibrary", "EFCoreLibrary\EFCoreLibrary.csproj", "{C29C9737-6A82-4573-A4DC-448717844C00}"
EndProject
Global
	GlobalSection(SolutionConfigurationPlatforms) = preSolution
		Debug|Any CPU = Debug|Any CPU
		Release|Any CPU = Release|Any CPU
	EndGlobalSection
	GlobalSection(ProjectConfigurationPlatforms) = postSolution
		{C09E8E61-8ED5-4513-8F6B-5AAD3716FA5F}.Debug|Any CPU.ActiveCfg = Debug|Any CPU
		{C09E8E61-8ED5-4513-8F6B-5AAD3716FA5F}.Debug|Any CPU.Build.0 = Debug|Any CPU
		{C09E8E61-8ED5-4513-8F6B-5AAD3716FA5F}.Release|Any CPU.ActiveCfg = Release|Any CPU
		{C09E8E61-8ED5-4513-8F6B-5AAD3716FA5F}.Release|Any CPU.Build.0 = Release|Any CPU
		{A9924F69-6613-4060-9564-4E5B233B7919}.Debug|Any CPU.ActiveCfg = Debug|Any CPU
		{A9924F69-6613-4060-9564-4E5B233B7919}.Debug|Any CPU.Build.0 = Debug|Any CPU
		{A9924F69-6613-4060-9564-4E5B233B7919}.Release|Any CPU.ActiveCfg = Release|Any CPU
		{A9924F69-6613-4060-9564-4E5B233B7919}.Release|Any CPU.Build.0 = Release|Any CPU
		{0E99A78E-6441-4C5B-AB09-157BE3E93285}.Debug|Any CPU.ActiveCfg = Debug|Any CPU
		{0E99A78E-6441-4C5B-AB09-157BE3E93285}.Debug|Any CPU.Build.0 = Debug|Any CPU
		{0E99A78E-6441-4C5B-AB09-157BE3E93285}.Release|Any CPU.ActiveCfg = Release|Any CPU
		{0E99A78E-6441-4C5B-AB09-157BE3E93285}.Release|Any CPU.Build.0 = Release|Any CPU
		{C29C9737-6A82-4573-A4DC-448717844C00}.Debug|Any CPU.ActiveCfg = Debug|Any CPU
		{C29C9737-6A82-4573-A4DC-448717844C00}.Debug|Any CPU.Build.0 = Debug|Any CPU
		{C29C9737-6A82-4573-A4DC-448717844C00}.Release|Any CPU.ActiveCfg = Release|Any CPU
		{C29C9737-6A82-4573-A4DC-448717844C00}.Release|Any CPU.Build.0 = Release|Any CPU
	EndGlobalSection
	GlobalSection(SolutionProperties) = preSolution
		HideSolutionNode = FALSE
	EndGlobalSection
	GlobalSection(ExtensibilityGlobals) = postSolution
		SolutionGuid = {2C16577C-1149-4323-82AB-63084A7B5021}
	EndGlobalSection
EndGlobal
